
Microsoft Visual Studio Solution File, Format Version 12.00
# Visual Studio 14
VisualStudioVersion = 14.0.25420.1
MinimumVisualStudioVersion = 10.0.40219.1
Project("{FAE04EC0-301F-11D3-BF4B-00C04F79EFBC}") = "MsBuildToCCNetvNext", "MsBuildToCCNetvNext\MsBuildToCCNetvNext.csproj", "{A32E2781-26AF-40AA-8F32-DD94A3DAF14B}"
EndProject
Project("{FAE04EC0-301F-11D3-BF4B-00C04F79EFBC}") = "MsBuildToCCNetvNext.Tests", "MsBuildToCCNetvNext.Tests\MsBuildToCCNetvNext.Tests.csproj", "{A400CE1F-EE6F-47A7-BAD4-89EB3D906B26}"
EndProject
Global
	GlobalSection(SolutionConfigurationPlatforms) = preSolution
		Debug|Any CPU = Debug|Any CPU
		Release|Any CPU = Release|Any CPU
	EndGlobalSection
	GlobalSection(ProjectConfigurationPlatforms) = postSolution
		{A32E2781-26AF-40AA-8F32-DD94A3DAF14B}.Debug|Any CPU.ActiveCfg = Debug|Any CPU
		{A32E2781-26AF-40AA-8F32-DD94A3DAF14B}.Debug|Any CPU.Build.0 = Debug|Any CPU
		{A32E2781-26AF-40AA-8F32-DD94A3DAF14B}.Release|Any CPU.ActiveCfg = Release|Any CPU
		{A32E2781-26AF-40AA-8F32-DD94A3DAF14B}.Release|Any CPU.Build.0 = Release|Any CPU
		{A400CE1F-EE6F-47A7-BAD4-89EB3D906B26}.Debug|Any CPU.ActiveCfg = Debug|Any CPU
		{A400CE1F-EE6F-47A7-BAD4-89EB3D906B26}.Debug|Any CPU.Build.0 = Debug|Any CPU
		{A400CE1F-EE6F-47A7-BAD4-89EB3D906B26}.Release|Any CPU.ActiveCfg = Release|Any CPU
		{A400CE1F-EE6F-47A7-BAD4-89EB3D906B26}.Release|Any CPU.Build.0 = Release|Any CPU
	EndGlobalSection
	GlobalSection(SolutionProperties) = preSolution
		HideSolutionNode = FALSE
	EndGlobalSection
EndGlobal
